{
  "lockfile_version": "1",
  "packages": {
    "cargo@latest": {
      "last_modified": "2026-04-23T13:07:47Z",
      "resolved": "github:NixOS/nixpkgs/01fbdeef22b76df85ea168fbfe1bfd9e63681b30#cargo",
      "source": "devbox-search",
      "version": "1.94.1",
      "systems": {
        "aarch64-darwin": {
          "outputs": [
            {
              "name": "out",
              "path": "/nix/store/mlrgd5zljyrxl15ryn31w15w48f6yii5-cargo-1.94.1",
              "default": true
            }
          ],
          "store_path": "/nix/store/mlrgd5zljyrxl15ryn31w15w48f6yii5-cargo-1.94.1"
        },
        "aarch64-linux": {
          "outputs": [
            {
              "name": "out",
              "path": "/nix/store/fvmmpmsik6551c334wgvx8smifj2fibf-cargo-1.94.1",
              "default": true
            }
          ],
          "store_path": "/nix/store/fvmmpmsik6551c334wgvx8smifj2fibf-cargo-1.94.1"
        },
        "x86_64-darwin": {
          "outputs": [
            {
              "name": "out",
              "path": "/nix/store/10bhh3gsrw2xfg3fr53pip6rdzcz2sfp-cargo-1.94.1",
              "default": true
            }
          ],
          "store_path": "/nix/store/10bhh3gsrw2xfg3fr53pip6rdzcz2sfp-cargo-1.94.1"
        },
        "x86_64-linux": {
          "outputs": [
            {
              "name": "out",
              "path": "/nix/store/z382dzkk7snk51ka6n4f3b953dcdm8fc-cargo-1.94.1",
              "default": true
            }
          ],
          "store_path": "/nix/store/z382dzkk7snk51ka6n4f3b953dcdm8fc-cargo-1.94.1"
        }
      }
    },
    "github:NixOS/nixpkgs/nixpkgs-unstable": {
      "last_modified": "2026-04-23T13:07:47Z",
      "resolved": "github:NixOS/nixpkgs/01fbdeef22b76df85ea168fbfe1bfd9e63681b30?lastModified=1776949667&narHash=sha256-GMSVw35Q%2B294GlrTUKlx087E31z7KurReQ1YHSKp5iw%3D"
    },
    "rust-analyzer@latest": {
      "last_modified": "2026-04-23T13:07:47Z",
      "resolved": "github:NixOS/nixpkgs/01fbdeef22b76df85ea168fbfe1bfd9e63681b30#rust-analyzer",
      "source": "devbox-search",
      "version": "2026-04-13",
      "systems": {
        "aarch64-darwin": {
          "outputs": [
            {
              "name": "out",
              "path": "/nix/store/j3z3f24f5x3509sk5r9jwvmv2319kbvc-rust-analyzer-2026-04-13",
              "default": true
            }
          ],
          "store_path": "/nix/store/j3z3f24f5x3509sk5r9jwvmv2319kbvc-rust-analyzer-2026-04-13"
        },
        "aarch64-linux": {
          "outputs": [
            {
              "name": "out",
              "path": "/nix/store/df0jllwi21xfn4qxhnw2n93af4bp7dwf-rust-analyzer-2026-04-13",
              "default": true
            }
          ],
          "store_path": "/nix/store/df0jllwi21xfn4qxhnw2n93af4bp7dwf-rust-analyzer-2026-04-13"
        },
        "x86_64-darwin": {
          "outputs": [
            {
              "name": "out",
              "path": "/nix/store/a9mqczfhasr5k7gjk1ly4c5qv595295y-rust-analyzer-2026-04-13",
              "default": true
            }
          ],
          "store_path": "/nix/store/a9mqczfhasr5k7gjk1ly4c5qv595295y-rust-analyzer-2026-04-13"
        },
        "x86_64-linux": {
          "outputs": [
            {
              "name": "out",
              "path": "/nix/store/jwpcafaf4ykbh19kaxhqy9xc7avcfx6r-rust-analyzer-2026-04-13",
              "default": true
            }
          ],
          "store_path": "/nix/store/jwpcafaf4ykbh19kaxhqy9xc7avcfx6r-rust-analyzer-2026-04-13"
        }
      }
    },
    "rustc@latest": {
      "last_modified": "2026-04-23T13:07:47Z",
      "plugin_version": "0.0.1",
      "resolved": "github:NixOS/nixpkgs/01fbdeef22b76df85ea168fbfe1bfd9e63681b30#rustc",
      "source": "devbox-search",
      "version": "1.94.1",
      "systems": {
        "aarch64-darwin": {
          "outputs": [
            {
              "name": "out",
              "path": "/nix/store/ldg6i5q2wwb0j4nnd1939cn7hdlsf8xl-rustc-wrapper-1.94.1",
              "default": true
            },
            {
              "name": "man",
              "path": "/nix/store/gljrw9zcrgnbmwgdxpw75klxf26i81sa-rustc-wrapper-1.94.1-man",
              "default": true
            },
            {
              "name": "doc",
              "path": "/nix/store/d0h4z9rx30ipgxb0r8pp2iy01fqmbvdn-rustc-wrapper-1.94.1-doc"
            }
          ],
          "store_path": "/nix/store/ldg6i5q2wwb0j4nnd1939cn7hdlsf8xl-rustc-wrapper-1.94.1"
        },
        "aarch64-linux": {
          "outputs": [
            {
              "name": "out",
              "path": "/nix/store/ixn1awaxpvayfp5na0b2gr0kianim6g8-rustc-wrapper-1.94.1",
              "default": true
            },
            {
              "name": "man",
              "path": "/nix/store/fvzjq79fryqp523s5dyqfwyfj2wi8afb-rustc-wrapper-1.94.1-man",
              "default": true
            },
            {
              "name": "doc",
              "path": "/nix/store/impmc1i7ifkbd4wvlxcybi0jhrafwxgb-rustc-wrapper-1.94.1-doc"
            }
          ],
          "store_path": "/nix/store/ixn1awaxpvayfp5na0b2gr0kianim6g8-rustc-wrapper-1.94.1"
        },
        "x86_64-darwin": {
          "outputs": [
            {
              "name": "out",
              "path": "/nix/store/szlbg4mqziywqn196x89q6n7xqdbx7dz-rustc-wrapper-1.94.1",
              "default": true
            },
            {
              "name": "man",
              "path": "/nix/store/wzrjq7km3gicbw2ag873hd9yf8qk2rn8-rustc-wrapper-1.94.1-man",
              "default": true
            },
            {
              "name": "doc",
              "path": "/nix/store/f2iqkj8xgpjqsh9idpywrg7bgh16jw2i-rustc-wrapper-1.94.1-doc"
            }
          ],
          "store_path": "/nix/store/szlbg4mqziywqn196x89q6n7xqdbx7dz-rustc-wrapper-1.94.1"
        },
        "x86_64-linux": {
          "outputs": [
            {
              "name": "out",
              "path": "/nix/store/ph8jb0mw89p4lfshpp36z70l6r4kg3vh-rustc-wrapper-1.94.1",
              "default": true
            },
            {
              "name": "man",
              "path": "/nix/store/h68fmikviqzaspyx3ccghx6cvr69cds3-rustc-wrapper-1.94.1-man",
              "default": true
            },
            {
              "name": "doc",
              "path": "/nix/store/kbnirgis5p5wlqb3wk11vgxa0c966lck-rustc-wrapper-1.94.1-doc"
            }
          ],
          "store_path": "/nix/store/ph8jb0mw89p4lfshpp36z70l6r4kg3vh-rustc-wrapper-1.94.1"
        }
      }
    },
    "rustfmt@latest": {
      "last_modified": "2026-04-23T13:07:47Z",
      "resolved": "github:NixOS/nixpkgs/01fbdeef22b76df85ea168fbfe1bfd9e63681b30#rustfmt",
      "source": "devbox-search",
      "version": "1.94.1",
      "systems": {
        "aarch64-darwin": {
          "outputs": [
            {
              "name": "out",
              "path": "/nix/store/371msib7kcxjsjhck6562pfa0q9nn8mw-rustfmt-1.94.1",
              "default": true
            }
          ],
          "store_path": "/nix/store/371msib7kcxjsjhck6562pfa0q9nn8mw-rustfmt-1.94.1"
        },
        "aarch64-linux": {
          "outputs": [
            {
              "name": "out",
              "path": "/nix/store/y466x0p4r8qjz5z4qpcjd16y8vmlzhl3-rustfmt-1.94.1",
              "default": true
            }
          ],
          "store_path": "/nix/store/y466x0p4r8qjz5z4qpcjd16y8vmlzhl3-rustfmt-1.94.1"
        },
        "x86_64-darwin": {
          "outputs": [
            {
              "name": "out",
              "path": "/nix/store/xz887wb672i5sb1p5yj8mjm1190np784-rustfmt-1.94.1",
              "default": true
            }
          ],
          "store_path": "/nix/store/xz887wb672i5sb1p5yj8mjm1190np784-rustfmt-1.94.1"
        },
        "x86_64-linux": {
          "outputs": [
            {
              "name": "out",
              "path": "/nix/store/rsshbz486a0ka567awpbkbawaqdr40pd-rustfmt-1.94.1",
              "default": true
            }
          ],
          "store_path": "/nix/store/rsshbz486a0ka567awpbkbawaqdr40pd-rustfmt-1.94.1"
        }
      }
    }
  }
}
